PODS:
  - FBSnapshotTestCase (2.1.2):
    - FBSnapshotTestCase/SwiftSupport (= 2.1.2)
  - FBSnapshotTestCase/Core (2.1.2)
  - FBSnapshotTestCase/SwiftSupport (2.1.2):
    - FBSnapshotTestCase/Core
  - Nimble (4.1.0)
  - Nimble-Snapshots (4.1.0):
    - FBSnapshotTestCase (~> 2.0)
    - Nimble
    - Quick
  - PCSideMenuController (0.1.0)
  - Quick (0.9.3)

DEPENDENCIES:
  - FBSnapshotTestCase (~> 2.1)
  - Nimble (~> 4.1)
  - Nimble-Snapshots (~> 4.1)
  - PCSideMenuController (from `../`)
  - Quick (~> 0.9)

EXTERNAL SOURCES:
  PCSideMenuController:
    :path: "../"

SPEC CHECKSUMS:
  FBSnapshotTestCase: 918c55861356ee83aee7843d759f55a18ff6982b
  Nimble: 97a0a4cae5124c117115634b2d055d8c97d0af19
  Nimble-Snapshots: 2da4d2ec829b458d6886c06812c52493fce284c9
  PCSideMenuController: 40b611af7d941a7ff06137ccfedb7bb2c6fdefe5
  Quick: 13a2a2b19a5d8e3ed4fd0c36ee46597fd77ebf71

PODFILE CHECKSUM: 094496a19bebe1dc56f3987a259d8f4c266ecb4b

COCOAPODS: 1.0.1
